PODS:
  - Alamofire (5.1.0)
  - AlamofireImage (4.1.0):
    - Alamofire (~> 5.1)
  - PureLayout (3.1.6)
  - SwiftyJSON (5.0.0)

DEPENDENCIES:
  - Alamofire (~> 5.1)
  - AlamofireImage (~> 4.1)
  - PureLayout
  - SwiftyJSON

SPEC REPOS:
  trunk:
    - Alamofire
    - AlamofireImage
    - PureLayout
    - SwiftyJSON

SPEC CHECKSUMS:
  Alamofire: 9d5c5f602928e512395b30950c5984eca840093c
  AlamofireImage: c4a2ba349885fb3064feb74d2e547bd42ce9be10
  PureLayout: bd3c4ec3a3819ad387c99ebb72c6b129c3ed4d2d
  SwiftyJSON: 36413e04c44ee145039d332b4f4e2d3e8d6c4db7

PODFILE CHECKSUM: bbfd12d9b83b4182c853cdf4dbc88b64cdd71199

COCOAPODS: 1.9.1
